// !$*UTF8*$!
{
	archiveVersion = 1;
	classes = {
	};
	objectVersion = 56;
	objects = {

/* Begin PBXBuildFile section */
		9E30DA312A44DDEF0059DEF7 /* AppDelegate.swift in Sources */ = {isa = PBXBuildFile; fileRef = 9E30DA302A44DDEF0059DEF7 /* AppDelegate.swift */; };
		9E30DA332A44DDEF0059DEF7 /* SceneDelegate.swift in Sources */ = {isa = PBXBuildFile; fileRef = 9E30DA322A44DDEF0059DEF7 /* SceneDelegate.swift */; };
		9E30DA352A44DDEF0059DEF7 /* ViewController.swift in Sources */ = {isa = PBXBuildFile; fileRef = 9E30DA342A44DDEF0059DEF7 /* ViewController.swift */; };
		9E30DA382A44DDEF0059DEF7 /* Main.storyboard in Resources */ = {isa = PBXBuildFile; fileRef = 9E30DA362A44DDEF0059DEF7 /* Main.storyboard */; };
		9E30DA3A2A44DDF10059DEF7 /* Assets.xcassets in Resources */ = {isa = PBXBuildFile; fileRef = 9E30DA392A44DDF10059DEF7 /* Assets.xcassets */; };
		9E30DA3D2A44DDF10059DEF7 /* LaunchScreen.storyboard in Resources */ = {isa = PBXBuildFile; fileRef = 9E30DA3B2A44DDF10059DEF7 /* LaunchScreen.storyboard */; };
		9E30DA482A44DDF10059DEF7 /* remoteConfigTests.swift in Sources */ = {isa = PBXBuildFile; fileRef = 9E30DA472A44DDF10059DEF7 /* remoteConfigTests.swift */; };
		9E30DA522A44DDF10059DEF7 /* remoteConfigUITests.swift in Sources */ = {isa = PBXBuildFile; fileRef = 9E30DA512A44DDF10059DEF7 /* remoteConfigUITests.swift */; };
		9E30DA542A44DDF10059DEF7 /* remoteConfigUITestsLaunchTests.swift in Sources */ = {isa = PBXBuildFile; fileRef = 9E30DA532A44DDF10059DEF7 /* remoteConfigUITestsLaunchTests.swift */; };
/* End PBXBuildFile section */

/* Begin PBXContainerItemProxy section */
		9E30DA442A44DDF10059DEF7 /* PBXContainerItemProxy */ = {
			isa = PBXContainerItemProxy;
			containerPortal = 9E30DA252A44DDEF0059DEF7 /* Project object */;
			proxyType = 1;
			remoteGlobalIDString = 9E30DA2C2A44DDEF0059DEF7;
			remoteInfo = remoteConfig;
		};
		9E30DA4E2A44DDF10059DEF7 /* PBXContainerItemProxy */ = {
			isa = PBXContainerItemProxy;
			containerPortal = 9E30DA252A44DDEF0059DEF7 /* Project object */;
			proxyType = 1;
			remoteGlobalIDString = 9E30DA2C2A44DDEF0059DEF7;
			remoteInfo = remoteConfig;
		};
/* End PBXContainerItemProxy section */

/* Begin PBXFileReference section */
		9E30DA2D2A44DDEF0059DEF7 /* remoteConfig.app */ = {isa = PBXFileReference; explicitFileType = wrapper.application; includeInIndex = 0; path = remoteConfig.app; sourceTree = BUILT_PRODUCTS_DIR; };
		9E30DA302A44DDEF0059DEF7 /* AppDelegate.swift */ = {isa = PBXFileReference; lastKnownFileType = sourcecode.swift; path = AppDelegate.swift; sourceTree = "<group>"; };
		9E30DA322A44DDEF0059DEF7 /* SceneDelegate.swift */ = {isa = PBXFileReference; lastKnownFileType = sourcecode.swift; path = SceneDelegate.swift; sourceTree = "<group>"; };
		9E30DA342A44DDEF0059DEF7 /* ViewController.swift */ = {isa = PBXFileReference; lastKnownFileType = sourcecode.swift; path = ViewController.swift; sourceTree = "<group>"; };
		9E30DA372A44DDEF0059DEF7 /* Base */ = {isa = PBXFileReference; lastKnownFileType = file.storyboard; name = Base; path = Base.lproj/Main.storyboard; sourceTree = "<group>"; };
		9E30DA392A44DDF10059DEF7 /* Assets.xcassets */ = {isa = PBXFileReference; lastKnownFileType = folder.assetcatalog; path = Assets.xcassets; sourceTree = "<group>"; };
		9E30DA3C2A44DDF10059DEF7 /* Base */ = {isa = PBXFileReference; lastKnownFileType = file.storyboard; name = Base; path = Base.lproj/LaunchScreen.storyboard; sourceTree = "<group>"; };
		9E30DA3E2A44DDF10059DEF7 /* Info.plist */ = {isa = PBXFileReference; lastKnownFileType = text.plist.xml; path = Info.plist; sourceTree = "<group>"; };
		9E30DA432A44DDF10059DEF7 /* remoteConfigTests.xctest */ = {isa = PBXFileReference; explicitFileType = wrapper.cfbundle; includeInIndex = 0; path = remoteConfigTests.xctest; sourceTree = BUILT_PRODUCTS_DIR; };
		9E30DA472A44DDF10059DEF7 /* remoteConfigTests.swift */ = {isa = PBXFileReference; lastKnownFileType = sourcecode.swift; path = remoteConfigTests.swift; sourceTree = "<group>"; };
		9E30DA4D2A44DDF10059DEF7 /* remoteConfigUITests.xctest */ = {isa = PBXFileReference; explicitFileType = wrapper.cfbundle; includeInIndex = 0; path = remoteConfigUITests.xctest; sourceTree = BUILT_PRODUCTS_DIR; };
		9E30DA512A44DDF10059DEF7 /* remoteConfigUITests.swift */ = {isa = PBXFileReference; lastKnownFileType = sourcecode.swift; path = remoteConfigUITests.swift; sourceTree = "<group>"; };
		9E30DA532A44DDF10059DEF7 /* remoteConfigUITestsLaunchTests.swift */ = {isa = PBXFileReference; lastKnownFileType = sourcecode.swift; path = remoteConfigUITestsLaunchTests.swift; sourceTree = "<group>"; };
/* End PBXFileReference section */

/* Begin PBXFrameworksBuildPhase section */
		9E30DA2A2A44DDEF0059DEF7 /* Frameworks */ = {
			isa = PBXFrameworksBuildPhase;
			buildActionMask = 2147483647;
			files = (
			);
			runOnlyForDeploymentPostprocessing = 0;
		};
		9E30DA402A44DDF10059DEF7 /* Frameworks */ = {
			isa = PBXFrameworksBuildPhase;
			buildActionMask = 2147483647;
			files = (
			);
			runOnlyForDeploymentPostprocessing = 0;
		};
		9E30DA4A2A44DDF10059DEF7 /* Frameworks */ = {
			isa = PBXFrameworksBuildPhase;
			buildActionMask = 2147483647;
			files = (
			);
			runOnlyForDeploymentPostprocessing = 0;
		};
/* End PBXFrameworksBuildPhase section */

/* Begin PBXGroup section */
		9E30DA242A44DDEF0059DEF7 = {
			isa = PBXGroup;
			children = (
				9E30DA2F2A44DDEF0059DEF7 /* remoteConfig */,
				9E30DA462A44DDF10059DEF7 /* remoteConfigTests */,
				9E30DA502A44DDF10059DEF7 /* remoteConfigUITests */,
				9E30DA2E2A44DDEF0059DEF7 /* Products */,
			);
			sourceTree = "<group>";
		};
		9E30DA2E2A44DDEF0059DEF7 /* Products */ = {
			isa = PBXGroup;
			children = (
				9E30DA2D2A44DDEF0059DEF7 /* remoteConfig.app */,
				9E30DA432A44DDF10059DEF7 /* remoteConfigTests.xctest */,
				9E30DA4D2A44DDF10059DEF7 /* remoteConfigUITests.xctest */,
			);
			name = Products;
			sourceTree = "<group>";
		};
		9E30DA2F2A44DDEF0059DEF7 /* remoteConfig */ = {
			isa = PBXGroup;
			children = (
				9E30DA302A44DDEF0059DEF7 /* AppDelegate.swift */,
				9E30DA322A44DDEF0059DEF7 /* SceneDelegate.swift */,
				9E30DA342A44DDEF0059DEF7 /* ViewController.swift */,
				9E30DA362A44DDEF0059DEF7 /* Main.storyboard */,
				9E30DA392A44DDF10059DEF7 /* Assets.xcassets */,
				9E30DA3B2A44DDF10059DEF7 /* LaunchScreen.storyboard */,
				9E30DA3E2A44DDF10059DEF7 /* Info.plist */,
			);
			path = remoteConfig;
			sourceTree = "<group>";
		};
		9E30DA462A44DDF10059DEF7 /* remoteConfigTests */ = {
			isa = PBXGroup;
			children = (
				9E30DA472A44DDF10059DEF7 /* remoteConfigTests.swift */,
			);
			path = remoteConfigTests;
			sourceTree = "<group>";
		};
		9E30DA502A44DDF10059DEF7 /* remoteConfigUITests */ = {
			isa = PBXGroup;
			children = (
				9E30DA512A44DDF10059DEF7 /* remoteConfigUITests.swift */,
				9E30DA532A44DDF10059DEF7 /* remoteConfigUITestsLaunchTests.swift */,
			);
			path = remoteConfigUITests;
			sourceTree = "<group>";
		};
/* End PBXGroup section */

/* Begin PBXNativeTarget section */
		9E30DA2C2A44DDEF0059DEF7 /* remoteConfig */ = {
			isa = PBXNativeTarget;
			buildConfigurationList = 9E30DA572A44DDF10059DEF7 /* Build configuration list for PBXNativeTarget "remoteConfig" */;
			buildPhases = (
				9E30DA292A44DDEF0059DEF7 /* Sources */,
				9E30DA2A2A44DDEF0059DEF7 /* Frameworks */,
				9E30DA2B2A44DDEF0059DEF7 /* Resources */,
			);
			buildRules = (
			);
			dependencies = (
			);
			name = remoteConfig;
			productName = remoteConfig;
			productReference = 9E30DA2D2A44DDEF0059DEF7 /* remoteConfig.app */;
			productType = "com.apple.product-type.application";
		};
		9E30DA422A44DDF10059DEF7 /* remoteConfigTests */ = {
			isa = PBXNativeTarget;
			buildConfigurationList = 9E30DA5A2A44DDF10059DEF7 /* Build configuration list for PBXNativeTarget "remoteConfigTests" */;
			buildPhases = (
				9E30DA3F2A44DDF10059DEF7 /* Sources */,
				9E30DA402A44DDF10059DEF7 /* Frameworks */,
				9E30DA412A44DDF10059DEF7 /* Resources */,
			);
			buildRules = (
			);
			dependencies = (
				9E30DA452A44DDF10059DEF7 /* PBXTargetDependency */,
			);
			name = remoteConfigTests;
			productName = remoteConfigTests;
			productReference = 9E30DA432A44DDF10059DEF7 /* remoteConfigTests.xctest */;
			productType = "com.apple.product-type.bundle.unit-test";
		};
		9E30DA4C2A44DDF10059DEF7 /* remoteConfigUITests */ = {
			isa = PBXNativeTarget;
			buildConfigurationList = 9E30DA5D2A44DDF10059DEF7 /* Build configuration list for PBXNativeTarget "remoteConfigUITests" */;
			buildPhases = (
				9E30DA492A44DDF10059DEF7 /* Sources */,
				9E30DA4A2A44DDF10059DEF7 /* Frameworks */,
				9E30DA4B2A44DDF10059DEF7 /* Resources */,
			);
			buildRules = (
			);
			dependencies = (
				9E30DA4F2A44DDF10059DEF7 /* PBXTargetDependency */,
			);
			name = remoteConfigUITests;
			productName = remoteConfigUITests;
			productReference = 9E30DA4D2A44DDF10059DEF7 /* remoteConfigUITests.xctest */;
			productType = "com.apple.product-type.bundle.ui-testing";
		};
/* End PBXNativeTarget section */

/* Begin PBXProject section */
		9E30DA252A44DDEF0059DEF7 /* Project object */ = {
			isa = PBXProject;
			attributes = {
				BuildIndependentTargetsInParallel = 1;
				LastSwiftUpdateCheck = 1420;
				LastUpgradeCheck = 1420;
				TargetAttributes = {
					9E30DA2C2A44DDEF0059DEF7 = {
						CreatedOnToolsVersion = 14.2;
					};
					9E30DA422A44DDF10059DEF7 = {
						CreatedOnToolsVersion = 14.2;
						TestTargetID = 9E30DA2C2A44DDEF0059DEF7;
					};
					9E30DA4C2A44DDF10059DEF7 = {
						CreatedOnToolsVersion = 14.2;
						TestTargetID = 9E30DA2C2A44DDEF0059DEF7;
					};
				};
			};
			buildConfigurationList = 9E30DA282A44DDEF0059DEF7 /* Build configuration list for PBXProject "remoteConfig" */;
			compatibilityVersion = "Xcode 14.0";
			developmentRegion = en;
			hasScannedForEncodings = 0;
			knownRegions = (
				en,
				Base,
			);
			mainGroup = 9E30DA242A44DDEF0059DEF7;
			productRefGroup = 9E30DA2E2A44DDEF0059DEF7 /* Products */;
			projectDirPath = "";
			projectRoot = "";
			targets = (
				9E30DA2C2A44DDEF0059DEF7 /* remoteConfig */,
				9E30DA422A44DDF10059DEF7 /* remoteConfigTests */,
				9E30DA4C2A44DDF10059DEF7 /* remoteConfigUITests */,
			);
		};
/* End PBXProject section */

/* Begin PBXResourcesBuildPhase section */
		9E30DA2B2A44DDEF0059DEF7 /* Resources */ = {
			isa = PBXResourcesBuildPhase;
			buildActionMask = 2147483647;
			files = (
				9E30DA3D2A44DDF10059DEF7 /* LaunchScreen.storyboard in Resources */,
				9E30DA3A2A44DDF10059DEF7 /* Assets.xcassets in Resources */,
				9E30DA382A44DDEF0059DEF7 /* Main.storyboard in Resources */,
			);
			runOnlyForDeploymentPostprocessing = 0;
		};
		9E30DA412A44DDF10059DEF7 /* Resources */ = {
			isa = PBXResourcesBuildPhase;
			buildActionMask = 2147483647;
			files = (
			);
			runOnlyForDeploymentPostprocessing = 0;
		};
		9E30DA4B2A44DDF10059DEF7 /* Resources */ = {
			isa = PBXResourcesBuildPhase;
			buildActionMask = 2147483647;
			files = (
			);
			runOnlyForDeploymentPostprocessing = 0;
		};
/* End PBXResourcesBuildPhase section */

/* Begin PBXSourcesBuildPhase section */
		9E30DA292A44DDEF0059DEF7 /* Sources */ = {
			isa = PBXSourcesBuildPhase;
			buildActionMask = 2147483647;
			files = (
				9E30DA352A44DDEF0059DEF7 /* ViewController.swift in Sources */,
				9E30DA312A44DDEF0059DEF7 /* AppDelegate.swift in Sources */,
				9E30DA332A44DDEF0059DEF7 /* SceneDelegate.swift in Sources */,
			);
			runOnlyForDeploymentPostprocessing = 0;
		};
		9E30DA3F2A44DDF10059DEF7 /* Sources */ = {
			isa = PBXSourcesBuildPhase;
			buildActionMask = 2147483647;
			files = (
				9E30DA482A44DDF10059DEF7 /* remoteConfigTests.swift in Sources */,
			);
			runOnlyForDeploymentPostprocessing = 0;
		};
		9E30DA492A44DDF10059DEF7 /* Sources */ = {
			isa = PBXSourcesBuildPhase;
			buildActionMask = 2147483647;
			files = (
				9E30DA542A44DDF10059DEF7 /* remoteConfigUITestsLaunchTests.swift in Sources */,
				9E30DA522A44DDF10059DEF7 /* remoteConfigUITests.swift in Sources */,
			);
			runOnlyForDeploymentPostprocessing = 0;
		};
/* End PBXSourcesBuildPhase section */

/* Begin PBXTargetDependency section */
		9E30DA452A44DDF10059DEF7 /* PBXTargetDependency */ = {
			isa = PBXTargetDependency;
			target = 9E30DA2C2A44DDEF0059DEF7 /* remoteConfig */;
			targetProxy = 9E30DA442A44DDF10059DEF7 /* PBXContainerItemProxy */;
		};
		9E30DA4F2A44DDF10059DEF7 /* PBXTargetDependency */ = {
			isa = PBXTargetDependency;
			target = 9E30DA2C2A44DDEF0059DEF7 /* remoteConfig */;
			targetProxy = 9E30DA4E2A44DDF10059DEF7 /* PBXContainerItemProxy */;
		};
/* End PBXTargetDependency section */

/* Begin PBXVariantGroup section */
		9E30DA362A44DDEF0059DEF7 /* Main.storyboard */ = {
			isa = PBXVariantGroup;
			children = (
				9E30DA372A44DDEF0059DEF7 /* Base */,
			);
			name = Main.storyboard;
			sourceTree = "<group>";
		};
		9E30DA3B2A44DDF10059DEF7 /* LaunchScreen.storyboard */ = {
			isa = PBXVariantGroup;
			children = (
				9E30DA3C2A44DDF10059DEF7 /* Base */,
			);
			name = LaunchScreen.storyboard;
			sourceTree = "<group>";
		};
/* End PBXVariantGroup section */

/* Begin XCBuildConfiguration section */
		9E30DA552A44DDF10059DEF7 /* Debug */ = {
			isa = XCBuildConfiguration;
			buildSettings = {
				ALWAYS_SEARCH_USER_PATHS = NO;
				CLANG_ANALYZER_NONNULL = YES;
				CLANG_ANALYZER_NUMBER_OBJECT_CONVERSION = YES_AGGRESSIVE;
				CLANG_CXX_LANGUAGE_STANDARD = "gnu++20";
				CLANG_ENABLE_MODULES = YES;
				CLANG_ENABLE_OBJC_ARC = YES;
				CLANG_ENABLE_OBJC_WEAK = YES;
				CLANG_WARN_BLOCK_CAPTURE_AUTORELEASING = YES;
				CLANG_WARN_BOOL_CONVERSION = YES;
				CLANG_WARN_COMMA = YES;
				CLANG_WARN_CONSTANT_CONVERSION = YES;
				CLANG_WARN_DEPRECATED_OBJC_IMPLEMENTATIONS = YES;
				CLANG_WARN_DIRECT_OBJC_ISA_USAGE = YES_ERROR;
				CLANG_WARN_DOCUMENTATION_COMMENTS = YES;
				CLANG_WARN_EMPTY_BODY = YES;
				CLANG_WARN_ENUM_CONVERSION = YES;
				CLANG_WARN_INFINITE_RECURSION = YES;
				CLANG_WARN_INT_CONVERSION = YES;
				CLANG_WARN_NON_LITERAL_NULL_CONVERSION = YES;
				CLANG_WARN_OBJC_IMPLICIT_RETAIN_SELF = YES;
				CLANG_WARN_OBJC_LITERAL_CONVERSION = YES;
				CLANG_WARN_OBJC_ROOT_CLASS = YES_ERROR;
				CLANG_WARN_QUOTED_INCLUDE_IN_FRAMEWORK_HEADER = YES;
				CLANG_WARN_RANGE_LOOP_ANALYSIS = YES;
				CLANG_WARN_STRICT_PROTOTYPES = YES;
				CLANG_WARN_SUSPICIOUS_MOVE = YES;
				CLANG_WARN_UNGUARDED_AVAILABILITY = YES_AGGRESSIVE;
				CLANG_WARN_UNREACHABLE_CODE = YES;
				CLANG_WARN__DUPLICATE_METHOD_MATCH = YES;
				COPY_PHASE_STRIP = NO;
				DEBUG_INFORMATION_FORMAT = dwarf;
				ENABLE_STRICT_OBJC_MSGSEND = YES;
				ENABLE_TESTABILITY = YES;
				GCC_C_LANGUAGE_STANDARD = gnu11;
				GCC_DYNAMIC_NO_PIC = NO;
				GCC_NO_COMMON_BLOCKS = YES;
				GCC_OPTIMIZATION_LEVEL = 0;
				GCC_PREPROCESSOR_DEFINITIONS = (
					"DEBUG=1",
					"$(inherited)",
				);
				GCC_WARN_64_TO_32_BIT_CONVERSION = YES;
				GCC_WARN_ABOUT_RETURN_TYPE = YES_ERROR;
				GCC_WARN_UNDECLARED_SELECTOR = YES;
				GCC_WARN_UNINITIALIZED_AUTOS = YES_AGGRESSIVE;
				GCC_WARN_UNUSED_FUNCTION = YES;
				GCC_WARN_UNUSED_VARIABLE = YES;
				IPHONEOS_DEPLOYMENT_TARGET = 16.2;
				MTL_ENABLE_DEBUG_INFO = INCLUDE_SOURCE;
				MTL_FAST_MATH = YES;
				ONLY_ACTIVE_ARCH = YES;
				SDKROOT = iphoneos;
				SWIFT_ACTIVE_COMPILATION_CONDITIONS = DEBUG;
				SWIFT_OPTIMIZATION_LEVEL = "-Onone";
			};
			name = Debug;
		};
		9E30DA562A44DDF10059DEF7 /* Release */ = {
			isa = XCBuildConfiguration;
			buildSettings = {
				ALWAYS_SEARCH_USER_PATHS = NO;
				CLANG_ANALYZER_NONNULL = YES;
				CLANG_ANALYZER_NUMBER_OBJECT_CONVERSION = YES_AGGRESSIVE;
				CLANG_CXX_LANGUAGE_STANDARD = "gnu++20";
				CLANG_ENABLE_MODULES = YES;
				CLANG_ENABLE_OBJC_ARC = YES;
				CLANG_ENABLE_OBJC_WEAK = YES;
				CLANG_WARN_BLOCK_CAPTURE_AUTORELEASING = YES;
				CLANG_WARN_BOOL_CONVERSION = YES;
				CLANG_WARN_COMMA = YES;
				CLANG_WARN_CONSTANT_CONVERSION = YES;
				CLANG_WARN_DEPRECATED_OBJC_IMPLEMENTATIONS = YES;
				CLANG_WARN_DIRECT_OBJC_ISA_USAGE = YES_ERROR;
				CLANG_WARN_DOCUMENTATION_COMMENTS = YES;
				CLANG_WARN_EMPTY_BODY = YES;
				CLANG_WARN_ENUM_CONVERSION = YES;
				CLANG_WARN_INFINITE_RECURSION = YES;
				CLANG_WARN_INT_CONVERSION = YES;
				CLANG_WARN_NON_LITERAL_NULL_CONVERSION = YES;
				CLANG_WARN_OBJC_IMPLICIT_RETAIN_SELF = YES;
				CLANG_WARN_OBJC_LITERAL_CONVERSION = YES;
				CLANG_WARN_OBJC_ROOT_CLASS = YES_ERROR;
				CLANG_WARN_QUOTED_INCLUDE_IN_FRAMEWORK_HEADER = YES;
				CLANG_WARN_RANGE_LOOP_ANALYSIS = YES;
				CLANG_WARN_STRICT_PROTOTYPES = YES;
				CLANG_WARN_SUSPICIOUS_MOVE = YES;
				CLANG_WARN_UNGUARDED_AVAILABILITY = YES_AGGRESSIVE;
				CLANG_WARN_UNREACHABLE_CODE = YES;
				CLANG_WARN__DUPLICATE_METHOD_MATCH = YES;
				COPY_PHASE_STRIP = NO;
				DEBUG_INFORMATION_FORMAT = "dwarf-with-dsym";
				ENABLE_NS_ASSERTIONS = NO;
				ENABLE_STRICT_OBJC_MSGSEND = YES;
				GCC_C_LANGUAGE_STANDARD = gnu11;
				GCC_NO_COMMON_BLOCKS = YES;
				GCC_WARN_64_TO_32_BIT_CONVERSION = YES;
				GCC_WARN_ABOUT_RETURN_TYPE = YES_ERROR;
				GCC_WARN_UNDECLARED_SELECTOR = YES;
				GCC_WARN_UNINITIALIZED_AUTOS = YES_AGGRESSIVE;
				GCC_WARN_UNUSED_FUNCTION = YES;
				GCC_WARN_UNUSED_VARIABLE = YES;
				IPHONEOS_DEPLOYMENT_TARGET = 16.2;
				MTL_ENABLE_DEBUG_INFO = NO;
				MTL_FAST_MATH = YES;
				SDKROOT = iphoneos;
				SWIFT_COMPILATION_MODE = wholemodule;
				SWIFT_OPTIMIZATION_LEVEL = "-O";
				VALIDATE_PRODUCT = YES;
			};
			name = Release;
		};
		9E30DA582A44DDF10059DEF7 /* Debug */ = {
			isa = XCBuildConfiguration;
			buildSettings = {
				ASSETCATALOG_COMPILER_APPICON_NAME = AppIcon;
				ASSETCATALOG_COMPILER_GLOBAL_ACCENT_COLOR_NAME = AccentColor;
				CODE_SIGN_STYLE = Automatic;
				CURRENT_PROJECT_VERSION = 1;
				GENERATE_INFOPLIST_FILE = YES;
				INFOPLIST_FILE = remoteConfig/Info.plist;
				INFOPLIST_KEY_UIApplicationSupportsIndirectInputEvents = YES;
				INFOPLIST_KEY_UILaunchStoryboardName = LaunchScreen;
				INFOPLIST_KEY_UIMainStoryboardFile = Main;
				INFOPLIST_KEY_UISupportedInterfaceOrientations_iPad = "UIInterfaceOrientationPortrait UIInterfaceOrientationPortraitUpsideDown UIInterfaceOrientationLandscapeLeft UIInterfaceOrientationLandscapeRight";
				INFOPLIST_KEY_UISupportedInterfaceOrientations_iPhone = "UIInterfaceOrientationPortrait UIInterfaceOrientationLandscapeLeft UIInterfaceOrientationLandscapeRight";
				LD_RUNPATH_SEARCH_PATHS = (
					"$(inherited)",
					"@executable_path/Frameworks",
				);
				MARKETING_VERSION = 1.0;
				PRODUCT_BUNDLE_IDENTIFIER = "-2.remoteConfig";
				PRODUCT_NAME = "$(TARGET_NAME)";
				SWIFT_EMIT_LOC_STRINGS = YES;
				SWIFT_VERSION = 5.0;
				TARGETED_DEVICE_FAMILY = "1,2";
			};
			name = Debug;
		};
		9E30DA592A44DDF10059DEF7 /* Release */ = {
			isa = XCBuildConfiguration;
			buildSettings = {
				ASSETCATALOG_COMPILER_APPICON_NAME = AppIcon;
				ASSETCATALOG_COMPILER_GLOBAL_ACCENT_COLOR_NAME = AccentColor;
				CODE_SIGN_STYLE = Automatic;
				CURRENT_PROJECT_VERSION = 1;
				GENERATE_INFOPLIST_FILE = YES;
				INFOPLIST_FILE = remoteConfig/Info.plist;
				INFOPLIST_KEY_UIApplicationSupportsIndirectInputEvents = YES;
				INFOPLIST_KEY_UILaunchStoryboardName = LaunchScreen;
				INFOPLIST_KEY_UIMainStoryboardFile = Main;
				INFOPLIST_KEY_UISupportedInterfaceOrientations_iPad = "UIInterfaceOrientationPortrait UIInterfaceOrientationPortraitUpsideDown UIInterfaceOrientationLandscapeLeft UIInterfaceOrientationLandscapeRight";
				INFOPLIST_KEY_UISupportedInterfaceOrientations_iPhone = "UIInterfaceOrientationPortrait UIInterfaceOrientationLandscapeLeft UIInterfaceOrientationLandscapeRight";
				LD_RUNPATH_SEARCH_PATHS = (
					"$(inherited)",
					"@executable_path/Frameworks",
				);
				MARKETING_VERSION = 1.0;
				PRODUCT_BUNDLE_IDENTIFIER = "-2.remoteConfig";
				PRODUCT_NAME = "$(TARGET_NAME)";
				SWIFT_EMIT_LOC_STRINGS = YES;
				SWIFT_VERSION = 5.0;
				TARGETED_DEVICE_FAMILY = "1,2";
			};
			name = Release;
		};
		9E30DA5B2A44DDF10059DEF7 /* Debug */ = {
			isa = XCBuildConfiguration;
			buildSettings = {
				ALWAYS_EMBED_SWIFT_STANDARD_LIBRARIES = YES;
				BUNDLE_LOADER = "$(TEST_HOST)";
				CODE_SIGN_STYLE = Automatic;
				CURRENT_PROJECT_VERSION = 1;
				GENERATE_INFOPLIST_FILE = YES;
				IPHONEOS_DEPLOYMENT_TARGET = 16.2;
				MARKETING_VERSION = 1.0;
				PRODUCT_BUNDLE_IDENTIFIER = "-2.remoteConfigTests";
				PRODUCT_NAME = "$(TARGET_NAME)";
				SWIFT_EMIT_LOC_STRINGS = NO;
				SWIFT_VERSION = 5.0;
				TARGETED_DEVICE_FAMILY = "1,2";
				TEST_HOST = "$(BUILT_PRODUCTS_DIR)/remoteConfig.app/$(BUNDLE_EXECUTABLE_FOLDER_PATH)/remoteConfig";
			};
			name = Debug;
		};
		9E30DA5C2A44DDF10059DEF7 /* Release */ = {
			isa = XCBuildConfiguration;
			buildSettings = {
				ALWAYS_EMBED_SWIFT_STANDARD_LIBRARIES = YES;
				BUNDLE_LOADER = "$(TEST_HOST)";
				CODE_SIGN_STYLE = Automatic;
				CURRENT_PROJECT_VERSION = 1;
				GENERATE_INFOPLIST_FILE = YES;
				IPHONEOS_DEPLOYMENT_TARGET = 16.2;
				MARKETING_VERSION = 1.0;
				PRODUCT_BUNDLE_IDENTIFIER = "-2.remoteConfigTests";
				PRODUCT_NAME = "$(TARGET_NAME)";
				SWIFT_EMIT_LOC_STRINGS = NO;
				SWIFT_VERSION = 5.0;
				TARGETED_DEVICE_FAMILY = "1,2";
				TEST_HOST = "$(BUILT_PRODUCTS_DIR)/remoteConfig.app/$(BUNDLE_EXECUTABLE_FOLDER_PATH)/remoteConfig";
			};
			name = Release;
		};
		9E30DA5E2A44DDF10059DEF7 /* Debug */ = {
			isa = XCBuildConfiguration;
			buildSettings = {
				ALWAYS_EMBED_SWIFT_STANDARD_LIBRARIES = YES;
				CODE_SIGN_STYLE = Automatic;
				CURRENT_PROJECT_VERSION = 1;
				GENERATE_INFOPLIST_FILE = YES;
				MARKETING_VERSION = 1.0;
				PRODUCT_BUNDLE_IDENTIFIER = "-2.remoteConfigUITests";
				PRODUCT_NAME = "$(TARGET_NAME)";
				SWIFT_EMIT_LOC_STRINGS = NO;
				SWIFT_VERSION = 5.0;
				TARGETED_DEVICE_FAMILY = "1,2";
				TEST_TARGET_NAME = remoteConfig;
			};
			name = Debug;
		};
		9E30DA5F2A44DDF10059DEF7 /* Release */ = {
			isa = XCBuildConfiguration;
			buildSettings = {
				ALWAYS_EMBED_SWIFT_STANDARD_LIBRARIES = YES;
				CODE_SIGN_STYLE = Automatic;
				CURRENT_PROJECT_VERSION = 1;
				GENERATE_INFOPLIST_FILE = YES;
				MARKETING_VERSION = 1.0;
				PRODUCT_BUNDLE_IDENTIFIER = "-2.remoteConfigUITests";
				PRODUCT_NAME = "$(TARGET_NAME)";
				SWIFT_EMIT_LOC_STRINGS = NO;
				SWIFT_VERSION = 5.0;
				TARGETED_DEVICE_FAMILY = "1,2";
				TEST_TARGET_NAME = remoteConfig;
			};
			name = Release;
		};
/* End XCBuildConfiguration section */

/* Begin XCConfigurationList section */
		9E30DA282A44DDEF0059DEF7 /* Build configuration list for PBXProject "remoteConfig" */ = {
			isa = XCConfigurationList;
			buildConfigurations = (
				9E30DA552A44DDF10059DEF7 /* Debug */,
				9E30DA562A44DDF10059DEF7 /* Release */,
			);
			defaultConfigurationIsVisible = 0;
			defaultConfigurationName = Release;
		};
		9E30DA572A44DDF10059DEF7 /* Build configuration list for PBXNativeTarget "remoteConfig" */ = {
			isa = XCConfigurationList;
			buildConfigurations = (
				9E30DA582A44DDF10059DEF7 /* Debug */,
				9E30DA592A44DDF10059DEF7 /* Release */,
			);
			defaultConfigurationIsVisible = 0;
			defaultConfigurationName = Release;
		};
		9E30DA5A2A44DDF10059DEF7 /* Build configuration list for PBXNativeTarget "remoteConfigTests" */ = {
			isa = XCConfigurationList;
			buildConfigurations = (
				9E30DA5B2A44DDF10059DEF7 /* Debug */,
				9E30DA5C2A44DDF10059DEF7 /* Release */,
			);
			defaultConfigurationIsVisible = 0;
			defaultConfigurationName = Release;
		};
		9E30DA5D2A44DDF10059DEF7 /* Build configuration list for PBXNativeTarget "remoteConfigUITests" */ = {
			isa = XCConfigurationList;
			buildConfigurations = (
				9E30DA5E2A44DDF10059DEF7 /* Debug */,
				9E30DA5F2A44DDF10059DEF7 /* Release */,
			);
			defaultConfigurationIsVisible = 0;
			defaultConfigurationName = Release;
		};
/* End XCConfigurationList section */
	};
	rootObject = 9E30DA252A44DDEF0059DEF7 /* Project object */;
}
